
Microsoft Visual Studio Solution File, Format Version 12.00
# Visual Studio Version 17
VisualStudioVersion = 17.3.32811.315
MinimumVisualStudioVersion = 10.0.40219.1
Project("{FAE04EC0-301F-11D3-BF4B-00C04F79EFBC}") = "CardProject.Api", "CardProject.Api\CardProject.Api.csproj", "{D2C7272D-1E8E-4903-AE3F-928C8C1C0646}"
EndProject
Project("{FAE04EC0-301F-11D3-BF4B-00C04F79EFBC}") = "CardProject.Data", "CardProject.Data\CardProject.Data.csproj", "{46BE347D-29E8-4C4E-9949-2113A18D9F60}"
EndProject
Project("{FAE04EC0-301F-11D3-BF4B-00C04F79EFBC}") = "CardProject.Bl", "CardProject.Bl\CardProject.Bl.csproj", "{50BA587F-624F-4A76-AD56-1C26E90D57F0}"
EndProject
Global
	GlobalSection(SolutionConfigurationPlatforms) = preSolution
		Debug|Any CPU = Debug|Any CPU
		Release|Any CPU = Release|Any CPU
	EndGlobalSection
	GlobalSection(ProjectConfigurationPlatforms) = postSolution
		{D2C7272D-1E8E-4903-AE3F-928C8C1C0646}.Debug|Any CPU.ActiveCfg = Debug|Any CPU
		{D2C7272D-1E8E-4903-AE3F-928C8C1C0646}.Debug|Any CPU.Build.0 = Debug|Any CPU
		{D2C7272D-1E8E-4903-AE3F-928C8C1C0646}.Release|Any CPU.ActiveCfg = Release|Any CPU
		{D2C7272D-1E8E-4903-AE3F-928C8C1C0646}.Release|Any CPU.Build.0 = Release|Any CPU
		{46BE347D-29E8-4C4E-9949-2113A18D9F60}.Debug|Any CPU.ActiveCfg = Debug|Any CPU
		{46BE347D-29E8-4C4E-9949-2113A18D9F60}.Debug|Any CPU.Build.0 = Debug|Any CPU
		{46BE347D-29E8-4C4E-9949-2113A18D9F60}.Release|Any CPU.ActiveCfg = Release|Any CPU
		{46BE347D-29E8-4C4E-9949-2113A18D9F60}.Release|Any CPU.Build.0 = Release|Any CPU
		{50BA587F-624F-4A76-AD56-1C26E90D57F0}.Debug|Any CPU.ActiveCfg = Debug|Any CPU
		{50BA587F-624F-4A76-AD56-1C26E90D57F0}.Debug|Any CPU.Build.0 = Debug|Any CPU
		{50BA587F-624F-4A76-AD56-1C26E90D57F0}.Release|Any CPU.ActiveCfg = Release|Any CPU
		{50BA587F-624F-4A76-AD56-1C26E90D57F0}.Release|Any CPU.Build.0 = Release|Any CPU
	EndGlobalSection
	GlobalSection(SolutionProperties) = preSolution
		HideSolutionNode = FALSE
	EndGlobalSection
	GlobalSection(ExtensibilityGlobals) = postSolution
		SolutionGuid = {E125BBEA-E884-4B8E-905D-05C5B6BDAD9B}
	EndGlobalSection
EndGlobal
